
Microsoft Visual Studio Solution File, Format Version 12.00
# Visual Studio Version 17
VisualStudioVersion = 17.10.35027.167
MinimumVisualStudioVersion = 10.0.40219.1
Project("{9A19103F-16F7-4668-BE54-9A1E7A4F7556}") = "WebApi", "WebApi\WebApi.csproj", "{A44A5B5D-10FB-42D7-B1E0-B46A4CF346CD}"
EndProject
Project("{FAE04EC0-301F-11D3-BF4B-00C04F79EFBC}") = "TicketProcessing", "TicketProcessing\TicketProcessing.csproj", "{C536B8C6-A04F-481F-AA9C-981FA02C06F7}"
EndProject
Project("{2150E333-8FDC-42A3-9474-1A3956D46DE8}") = "Solution Items", "Solution Items", "{38C69A11-9319-4FE1-813D-928B9F860369}"
	ProjectSection(SolutionItems) = preProject
		docker-compose.yml = docker-compose.yml
	EndProjectSection
EndProject
Global
	GlobalSection(SolutionConfigurationPlatforms) = preSolution
		Debug|Any CPU = Debug|Any CPU
		Release|Any CPU = Release|Any CPU
	EndGlobalSection
	GlobalSection(ProjectConfigurationPlatforms) = postSolution
		{A44A5B5D-10FB-42D7-B1E0-B46A4CF346CD}.Debug|Any CPU.ActiveCfg = Debug|Any CPU
		{A44A5B5D-10FB-42D7-B1E0-B46A4CF346CD}.Debug|Any CPU.Build.0 = Debug|Any CPU
		{A44A5B5D-10FB-42D7-B1E0-B46A4CF346CD}.Release|Any CPU.ActiveCfg = Release|Any CPU
		{A44A5B5D-10FB-42D7-B1E0-B46A4CF346CD}.Release|Any CPU.Build.0 = Release|Any CPU
		{C536B8C6-A04F-481F-AA9C-981FA02C06F7}.Debug|Any CPU.ActiveCfg = Debug|Any CPU
		{C536B8C6-A04F-481F-AA9C-981FA02C06F7}.Debug|Any CPU.Build.0 = Debug|Any CPU
		{C536B8C6-A04F-481F-AA9C-981FA02C06F7}.Release|Any CPU.ActiveCfg = Release|Any CPU
		{C536B8C6-A04F-481F-AA9C-981FA02C06F7}.Release|Any CPU.Build.0 = Release|Any CPU
	EndGlobalSection
	GlobalSection(SolutionProperties) = preSolution
		HideSolutionNode = FALSE
	EndGlobalSection
	GlobalSection(ExtensibilityGlobals) = postSolution
		SolutionGuid = {6E1288CA-EF38-4913-868F-E10D10A80F6B}
	EndGlobalSection
EndGlobal
